# THIS IS AN AUTOGENERATED FILE. DO NOT EDIT THIS FILE DIRECTLY.
# yarn lockfile v1


CSSselect@~0.4.0:
  version "0.4.1"
  resolved "https://registry.yarnpkg.com/CSSselect/-/CSSselect-0.4.1.tgz#f8ab7e1f8418ce63cda6eb7bd778a85d7ec492b2"
  integrity sha1-+Kt+H4QYzmPNput713ioXX7EkrI=
  dependencies:
    CSSwhat "0.4"
    domutils "1.4"

CSSwhat@0.4:
  version "0.4.7"
  resolved "https://registry.yarnpkg.com/CSSwhat/-/CSSwhat-0.4.7.tgz#867da0ff39f778613242c44cfea83f0aa4ebdf9b"
  integrity sha1-hn2g/zn3eGEyQsRM/qg/CqTr35s=

"apparatus@>= 0.0.6":
  version "0.0.10"
  resolved "https://registry.yarnpkg.com/apparatus/-/apparatus-0.0.10.tgz#81ea756772ada77863db54ceee8202c109bdca3e"
  integrity sha512-KLy/ugo33KZA7nugtQ7O0E1c8kQ52N3IvD/XgIh4w/Nr28ypfkwDfA67F1ev4N1m5D+BOk1+b2dEJDfpj/VvZg==
  dependencies:
    sylvester ">= 0.0.8"

asn1@0.1.11:
  version "0.1.11"
  resolved "https://registry.yarnpkg.com/asn1/-/asn1-0.1.11.tgz#559be18376d08a4ec4dbe80877d27818639b2df7"
  integrity sha1-VZvhg3bQik7E2+gId9J4GGObLfc=

assert-plus@^0.1.5:
  version "0.1.5"
  resolved "https://registry.yarnpkg.com/assert-plus/-/assert-plus-0.1.5.tgz#ee74009413002d84cec7219c6ac811812e723160"
  integrity sha1-7nQAlBMALYTOxyGcasgRgS5yMWA=

assertion-error@1.0.0:
  version "1.0.0"
  resolved "https://registry.yarnpkg.com/assertion-error/-/assertion-error-1.0.0.tgz#c7f85438fdd466bc7ca16ab90c81513797a5d23b"
  integrity sha1-x/hUOP3UZrx8oWq5DIFRN5el0js=

async@0.2.x, async@~0.2.9:
  version "0.2.10"
  resolved "https://registry.yarnpkg.com/async/-/async-0.2.10.tgz#b6bbe0b0674b9d719708ca38de8c237cb526c3d1"
  integrity sha1-trvgsGdLnXGXCMo43owjfLUmw9E=

async@~0.9.0:
  version "0.9.2"
  resolved "https://registry.yarnpkg.com/async/-/async-0.9.2.tgz#aea74d5e61c1f899613bf64bda66d4c78f2fd17d"
  integrity sha1-rqdNXmHB+JlhO/ZL2mbUx48v0X0=

aws-sign2@~0.5.0:
  version "0.5.0"
  resolved "https://registry.yarnpkg.com/aws-sign2/-/aws-sign2-0.5.0.tgz#c57103f7a17fc037f02d7c2e64b602ea223f7d63"
  integrity sha1-xXED96F/wDfwLXwuZLYC6iI/fWM=

backbone@~1.1.0:
  version "1.1.2"
  resolved "https://registry.yarnpkg.com/backbone/-/backbone-1.1.2.tgz#c2c04c66bf87268fb82c177acebeff7d37ba6f2d"
  integrity sha1-wsBMZr+HJo+4LBd6zr7/fTe6by0=
  dependencies:
    underscore ">=1.5.0"

balanced-match@^1.0.0:
  version "1.0.0"
  resolved "https://registry.yarnpkg.com/balanced-match/-/balanced-match-1.0.0.tgz#89b4d199ab2bee49de164ea02b89ce462d71b767"
  integrity sha1-ibTRmasr7kneFk6gK4nORi1xt2c=

boom@0.4.x:
  version "0.4.2"
  resolved "https://registry.yarnpkg.com/boom/-/boom-0.4.2.tgz#7a636e9ded4efcefb19cef4947a3c67dfaee911b"
  integrity sha1-emNune1O/O+xnO9JR6PGffrukRs=
  dependencies:
    hoek "0.9.x"

brace-expansion@^1.1.7:
  version "1.1.11"
  resolved "https://registry.yarnpkg.com/brace-expansion/-/brace-expansion-1.1.11.tgz#3c7fcbf529d87226f3d2f52b966ff5271eb441dd"
  integrity sha512-iCuPHDFgrHX7H2vEI/5xpz07zSHB00TpugqhmYtVmMO6518mCuRMoOYFldEBl0g187ufozdaHgWKcYFb61qGiA==
  dependencies:
    balanced-match "^1.0.0"
    concat-map "0.0.1"

chai@~1.8.1:
  version "1.8.1"
  resolved "https://registry.yarnpkg.com/chai/-/chai-1.8.1.tgz#cc77866d5e7ebca2bd75144b1edc370a88785f72"
  integrity sha1-zHeGbV5+vKK9dRRLHtw3Coh4X3I=
  dependencies:
    assertion-error "1.0.0"
    deep-eql "0.1.3"

change-case@~1.0.4:
  version "1.0.6"
  resolved "https://registry.yarnpkg.com/change-case/-/change-case-1.0.6.tgz#f1bccfc4edf537646de5f8691822d329e4107ae7"
  integrity sha1-8bzPxO31N2Rt5fhpGCLTKeQQeuc=

cheerio@~0.13.1:
  version "0.13.1"
  resolved "https://registry.yarnpkg.com/cheerio/-/cheerio-0.13.1.tgz#48af1134561b3527f83d9156c4f9a8ebd82b06ec"
  integrity sha1-SK8RNFYbNSf4PZFWxPmo69grBuw=
  dependencies:
    CSSselect "~0.4.0"
    entities "0.x"
    htmlparser2 "~3.4.0"
    underscore "~1.5"

colors@0.6.x, colors@~0.6.2:
  version "0.6.2"
  resolved "https://registry.yarnpkg.com/colors/-/colors-0.6.2.tgz#2423fe6678ac0c5dae8852e5d0e5be08c997abcc"
  integrity sha1-JCP+ZnisDF2uiFLl0OW+CMmXq8w=

combined-stream@~0.0.4:
  version "0.0.7"
  resolved "https://registry.yarnpkg.com/combined-stream/-/combined-stream-0.0.7.tgz#0137e657baa5a7541c57ac37ac5fc07d73b4dc1f"
  integrity sha1-ATfmV7qlp1QcV6w3rF/AfXO03B8=
  dependencies:
    delayed-stream "0.0.5"

commander@0.6.1:
  version "0.6.1"
  resolved "https://registry.yarnpkg.com/commander/-/commander-0.6.1.tgz#fa68a14f6a945d54dbbe50d8cdb3320e9e3b1a06"
  integrity sha1-+mihT2qUXVTbvlDYzbMyDp47GgY=

commander@2.0.0:
  version "2.0.0"
  resolved "https://registry.yarnpkg.com/commander/-/commander-2.0.0.tgz#d1b86f901f8b64bd941bdeadaf924530393be928"
  integrity sha1-0bhvkB+LZL2UG96tr5JFMDk76Sg=

commander@~2.1.0:
  version "2.1.0"
  resolved "https://registry.yarnpkg.com/commander/-/commander-2.1.0.tgz#d121bbae860d9992a3d517ba96f56588e47c6781"
  integrity sha1-0SG7roYNmZKj1Re6lvVliOR8Z4E=

concat-map@0.0.1:
  version "0.0.1"
  resolved "https://registry.yarnpkg.com/concat-map/-/concat-map-0.0.1.tgz#d8a96bd77fd68df7793a73036a3ba0d5405d477b"
  integrity sha1-2Klr13/Wjfd5OnMDajug1UBdR3s=

core-util-is@~1.0.0:
  version "1.0.2"
  resolved "https://registry.yarnpkg.com/core-util-is/-/core-util-is-1.0.2.tgz#b5fd54220aa2bc5ab57aab7140c940754503c1a7"
  integrity sha1-tf1UIgqivFq1eqtxQMlAdUUDwac=

cryptiles@0.2.x:
  version "0.2.2"
  resolved "https://registry.yarnpkg.com/cryptiles/-/cryptiles-0.2.2.tgz#ed91ff1f17ad13d3748288594f8a48a0d26f325c"
  integrity sha1-7ZH/HxetE9N0gohZT4pIoNJvMlw=
  dependencies:
    boom "0.4.x"

ctype@0.5.3:
  version "0.5.3"
  resolved "https://registry.yarnpkg.com/ctype/-/ctype-0.5.3.tgz#82c18c2461f74114ef16c135224ad0b9144ca12f"
  integrity sha1-gsGMJGH3QRTvFsE1IkrQuRRMoS8=

cycle@1.0.x:
  version "1.0.3"
  resolved "https://registry.yarnpkg.com/cycle/-/cycle-1.0.3.tgz#21e80b2be8580f98b468f379430662b046c34ad2"
  integrity sha1-IegLK+hYD5i0aPN5QwZisEbDStI=

debug@*:
  version "4.1.1"
  resolved "https://registry.yarnpkg.com/debug/-/debug-4.1.1.tgz#3b72260255109c6b589cee050f1d516139664791"
  integrity sha512-pYAIzeRo8J6KPEaJ0VWOh5Pzkbw/RetuzehGM7QRRX5he4fPHx2rdKMB256ehJCkX+XRQm16eZLqLNS8RSZXZw==
  dependencies:
    ms "^2.1.1"

deep-eql@0.1.3:
  version "0.1.3"
  resolved "https://registry.yarnpkg.com/deep-eql/-/deep-eql-0.1.3.tgz#ef558acab8de25206cd713906d74e56930eb69f2"
  integrity sha1-71WKyrjeJSBs1xOQbXTlaTDrafI=
  dependencies:
    type-detect "0.1.1"

deep-equal@*:
  version "2.0.1"
  resolved "https://registry.yarnpkg.com/deep-equal/-/deep-equal-2.0.1.tgz#fc12bbd6850e93212f21344748682ccc5a8813cf"
  integrity sha512-7Et6r6XfNW61CPPCIYfm1YPGSmh6+CliYeL4km7GWJcpX5LTAflGF8drLLR+MZX+2P3NZfAfSduutBbSWqER4g==
  dependencies:
    es-abstract "^1.16.3"
    es-get-iterator "^1.0.1"
    is-arguments "^1.0.4"
    is-date-object "^1.0.1"
    is-regex "^1.0.4"
    isarray "^2.0.5"
    object-is "^1.0.1"
    object-keys "^1.1.1"
    regexp.prototype.flags "^1.2.0"
    side-channel "^1.0.1"
    which-boxed-primitive "^1.0.1"
    which-collection "^1.0.0"

define-properties@^1.1.2, define-properties@^1.1.3:
  version "1.1.3"
  resolved "https://registry.yarnpkg.com/define-properties/-/define-properties-1.1.3.tgz#cf88da6cbee26fe6db7094f61d870cbd84cee9f1"
  integrity sha512-3MqfYKj2lLzdMSf8ZIZE/V+Zuy+BgD6f164e8K2w7dgnpKArBDerGYpM46IYYcjnkdPNMjPk9A6VFB8+3SKlXQ==
  dependencies:
    object-keys "^1.0.12"

delayed-stream@0.0.5:
  version "0.0.5"
  resolved "https://registry.yarnpkg.com/delayed-stream/-/delayed-stream-0.0.5.tgz#d4b1f43a93e8296dfe02694f4680bc37a313c73f"
  integrity sha1-1LH0OpPoKW3+AmlPRoC8N6MTxz8=

diff@1.0.7:
  version "1.0.7"
  resolved "https://registry.yarnpkg.com/diff/-/diff-1.0.7.tgz#24bbb001c4a7d5522169e7cabdb2c2814ed91cf4"
  integrity sha1-JLuwAcSn1VIhaefKvbLCgU7ZHPQ=

domelementtype@1:
  version "1.3.1"
  resolved "https://registry.yarnpkg.com/domelementtype/-/domelementtype-1.3.1.tgz#d048c44b37b0d10a7f2a3d5fee3f4333d790481f"
  integrity sha512-BSKB+TSpMpFI/HOxCNr1O8aMOTZ8hT3pM3GQ0w/mWRmkhEDSFJkkyzz4XQsBV44BChwGkrDfMyjVD0eA2aFV3w==

domhandler@2.2:
  version "2.2.1"
  resolved "https://registry.yarnpkg.com/domhandler/-/domhandler-2.2.1.tgz#59df9dcd227e808b365ae73e1f6684ac3d946fc2"
  integrity sha1-Wd+dzSJ+gIs2Wuc+H2aErD2Ub8I=
  dependencies:
    domelementtype "1"

domutils@1.3:
  version "1.3.0"
  resolved "https://registry.yarnpkg.com/domutils/-/domutils-1.3.0.tgz#9ad4d59b5af6ca684c62fe6d768ef170e70df192"
  integrity sha1-mtTVm1r2ymhMYv5tdo7xcOcN8ZI=
  dependencies:
    domelementtype "1"

domutils@1.4:
  version "1.4.3"
  resolved "https://registry.yarnpkg.com/domutils/-/domutils-1.4.3.tgz#0865513796c6b306031850e175516baf80b72a6f"
  integrity sha1-CGVRN5bGswYDGFDhdVFrr4C3Km8=
  dependencies:
    domelementtype "1"

entities@0.x:
  version "0.5.0"
  resolved "https://registry.yarnpkg.com/entities/-/entities-0.5.0.tgz#f611cb5ae221050e0012c66979503fd7ae19cc49"
  integrity sha1-9hHLWuIhBQ4AEsZpeVA/164ZzEk=

es-abstract@^1.16.3, es-abstract@^1.17.0-next.1, es-abstract@^1.17.4:
  version "1.17.5"
  resolved "https://registry.yarnpkg.com/es-abstract/-/es-abstract-1.17.5.tgz#d8c9d1d66c8981fb9200e2251d799eee92774ae9"
  integrity sha512-BR9auzDbySxOcfog0tLECW8l28eRGpDpU3Dm3Hp4q/N+VtLTmyj4EUN088XZWQDW/hzj6sYRDXeOFsaAODKvpg==
  dependencies:
    es-to-primitive "^1.2.1"
    function-bind "^1.1.1"
    has "^1.0.3"
    has-symbols "^1.0.1"
    is-callable "^1.1.5"
    is-regex "^1.0.5"
    object-inspect "^1.7.0"
    object-keys "^1.1.1"
    object.assign "^4.1.0"
    string.prototype.trimleft "^2.1.1"
    string.prototype.trimright "^2.1.1"

es-get-iterator@^1.0.1:
  version "1.1.0"
  resolved "https://registry.yarnpkg.com/es-get-iterator/-/es-get-iterator-1.1.0.tgz#bb98ad9d6d63b31aacdc8f89d5d0ee57bcb5b4c8"
  integrity sha512-UfrmHuWQlNMTs35e1ypnvikg6jCz3SK8v8ImvmDsh36fCVUR1MqoFDiyn0/k52C8NqO3YsO8Oe0azeesNuqSsQ==
  dependencies:
    es-abstract "^1.17.4"
    has-symbols "^1.0.1"
    is-arguments "^1.0.4"
    is-map "^2.0.1"
    is-set "^2.0.1"
    is-string "^1.0.5"
    isarray "^2.0.5"

es-to-primitive@^1.2.1:
  version "1.2.1"
  resolved "https://registry.yarnpkg.com/es-to-primitive/-/es-to-primitive-1.2.1.tgz#e55cd4c9cdc188bcefb03b366c736323fc5c898a"
  integrity sha512-QCOllgZJtaUo9miYBcLChTUaHNjJF3PYs1VidD7AwiEj1kYxKeQTctLAezAOH5ZKRH0g2IgPn6KwB4IT8iRpvA==
  dependencies:
    is-callable "^1.1.4"
    is-date-object "^1.0.1"
    is-symbol "^1.0.2"

eyes@0.1.x:
  version "0.1.8"
  resolved "https://registry.yarnpkg.com/eyes/-/eyes-0.1.8.tgz#62cf120234c683785d902348a800ef3e0cc20bc0"
  integrity sha1-Ys8SAjTGg3hdkCNIqADvPgzCC8A=

forever-agent@~0.5.0:
  version "0.5.2"
  resolved "https://registry.yarnpkg.com/forever-agent/-/forever-agent-0.5.2.tgz#6d0e09c4921f94a27f63d3b49c5feff1ea4c5130"
  integrity sha1-bQ4JxJIflKJ/Y9O0nF/v8epMUTA=

form-data@~0.1.0:
  version "0.1.4"
  resolved "https://registry.yarnpkg.com/form-data/-/form-data-0.1.4.tgz#91abd788aba9702b1aabfa8bc01031a2ac9e3b12"
  integrity sha1-kavXiKupcCsaq/qLwBAxoqyeOxI=
  dependencies:
    async "~0.9.0"
    combined-stream "~0.0.4"
    mime "~1.2.11"

fs.realpath@^1.0.0:
  version "1.0.0"
  resolved "https://registry.yarnpkg.com/fs.realpath/-/fs.realpath-1.0.0.tgz#1504ad2523158caa40db4a2787cb01411994ea4f"
  integrity sha1-FQStJSMVjKpA20onh8sBQRmU6k8=

function-bind@^1.1.1:
  version "1.1.1"
  resolved "https://registry.yarnpkg.com/function-bind/-/function-bind-1.1.1.tgz#a56899d3ea3c9bab874bb9773b7c5ede92f4895d"
  integrity sha512-yIovAzMX49sF8Yl58fSCWJ5svSLuaibPxXQJFLmBObTuCr0Mf1KiPopGM9NiFjiYBCbfaa2Fh6breQ6ANVTI0A==

glob@3.2.3:
  version "3.2.3"
  resolved "https://registry.yarnpkg.com/glob/-/glob-3.2.3.tgz#e313eeb249c7affaa5c475286b0e115b59839467"
  integrity sha1-4xPusknHr/qlxHUoaw4RW1mDlGc=
  dependencies:
    graceful-fs "~2.0.0"
    inherits "2"
    minimatch "~0.2.11"

glob@^7.1.3:
  version "7.1.6"
  resolved "https://registry.yarnpkg.com/glob/-/glob-7.1.6.tgz#141f33b81a7c2492e125594307480c46679278a6"
  integrity sha512-LwaxwyZ72Lk7vZINtNNrywX0ZuLyStrdDtabefZKAY5ZGJhVtgdznluResxNmPitE0SAO+O26sWTHeKSI2wMBA==
  dependencies:
    fs.realpath "^1.0.0"
    inflight "^1.0.4"
    inherits "2"
    minimatch "^3.0.4"
    once "^1.3.0"
    path-is-absolute "^1.0.0"

graceful-fs@~2.0.0:
  version "2.0.3"
  resolved "https://registry.yarnpkg.com/graceful-fs/-/graceful-fs-2.0.3.tgz#7cd2cdb228a4a3f36e95efa6cc142de7d1a136d0"
  integrity sha1-fNLNsiiko/Nule+mzBQt59GhNtA=

growl@1.7.x:
  version "1.7.0"
  resolved "https://registry.yarnpkg.com/growl/-/growl-1.7.0.tgz#de2d66136d002e112ba70f3f10c31cf7c350b2da"
  integrity sha1-3i1mE20ALhErpw8/EMMc98NQsto=

has-symbols@^1.0.0, has-symbols@^1.0.1:
  version "1.0.1"
  resolved "https://registry.yarnpkg.com/has-symbols/-/has-symbols-1.0.1.tgz#9f5214758a44196c406d9bd76cebf81ec2dd31e8"
  integrity sha512-PLcsoqu++dmEIZB+6totNFKq/7Do+Z0u4oT0zKOJNl3lYK6vGwwu2hjHs+68OEZbTjiUE9bgOABXbP/GvrS0Kg==

has@^1.0.3:
  version "1.0.3"
  resolved "https://registry.yarnpkg.com/has/-/has-1.0.3.tgz#722d7cbfc1f6aa8241f16dd814e011e1f41e8796"
  integrity sha512-f2dvO0VU6Oej7RkWJGrehjbzMAjFp5/VKPp5tTpWIV4JHHZK1/BxbFRtf/siA2SWTe09caDmVtYYzWEIbBS4zw==
  dependencies:
    function-bind "^1.1.1"

hawk@~1.0.0:
  version "1.0.0"
  resolved "https://registry.yarnpkg.com/hawk/-/hawk-1.0.0.tgz#b90bb169807285411da7ffcb8dd2598502d3b52d"
  integrity sha1-uQuxaYByhUEdp//LjdJZhQLTtS0=
  dependencies:
    boom "0.4.x"
    cryptiles "0.2.x"
    hoek "0.9.x"
    sntp "0.2.x"

hoek@0.9.x:
  version "0.9.1"
  resolved "https://registry.yarnpkg.com/hoek/-/hoek-0.9.1.tgz#3d322462badf07716ea7eb85baf88079cddce505"
  integrity sha1-PTIkYrrfB3Fup+uFuviAec3c5QU=

htmlparser2@~3.4.0:
  version "3.4.0"
  resolved "https://registry.yarnpkg.com/htmlparser2/-/htmlparser2-3.4.0.tgz#a1cd65f5823ad285e19d63b085ad722d0a51eae7"
  integrity sha1-oc1l9YI60oXhnWOwha1yLQpR6uc=
  dependencies:
    domelementtype "1"
    domhandler "2.2"
    domutils "1.3"
    readable-stream "1.1"

http-signature@~0.10.0:
  version "0.10.1"
  resolved "https://registry.yarnpkg.com/http-signature/-/http-signature-0.10.1.tgz#4fbdac132559aa8323121e540779c0a012b27e66"
  integrity sha1-T72sEyVZqoMjEh5UB3nAoBKyfmY=
  dependencies:
    asn1 "0.1.11"
    assert-plus "^0.1.5"
    ctype "0.5.3"

i@0.3.x:
  version "0.3.7"
  resolved "https://registry.yarnpkg.com/i/-/i-0.3.7.tgz#2a7437a923d59c14b17243dc63a549af24d85799"
  integrity sha512-FYz4wlXgkQwIPqhzC5TdNMLSE5+GS1IIDJZY/1ZiEPCT2S3COUVZeT5OW4BmW4r5LHLQuOosSwsvnroG9GR59Q==

inflight@^1.0.4:
  version "1.0.6"
  resolved "https://registry.yarnpkg.com/inflight/-/inflight-1.0.6.tgz#49bd6331d7d02d0c09bc910a1075ba8165b56df9"
  integrity sha1-Sb1jMdfQLQwJvJEKEHW6gWW1bfk=
  dependencies:
    once "^1.3.0"
    wrappy "1"

inherits@2, inherits@~2.0.1:
  version "2.0.4"
  resolved "https://registry.yarnpkg.com/inherits/-/inherits-2.0.4.tgz#0fa2c64f932917c3433a0ded55363aae37416b7c"
  integrity sha512-k/vGaX4/Yla3WzyMCvTQOXYeIHvqOKtnqBduzTHpzpQZzAskKMhZ2K+EnBiSM9zGSoIFeMpXKxa4dYeZIQqewQ==

is-arguments@^1.0.4:
  version "1.0.4"
  resolved "https://registry.yarnpkg.com/is-arguments/-/is-arguments-1.0.4.tgz#3faf966c7cba0ff437fb31f6250082fcf0448cf3"
  integrity sha512-xPh0Rmt8NE65sNzvyUmWgI1tz3mKq74lGA0mL8LYZcoIzKOzDh6HmrYm3d18k60nHerC8A9Km8kYu87zfSFnLA==

is-bigint@^1.0.0:
  version "1.0.0"
  resolved "https://registry.yarnpkg.com/is-bigint/-/is-bigint-1.0.0.tgz#73da8c33208d00f130e9b5e15d23eac9215601c4"
  integrity sha512-t5mGUXC/xRheCK431ylNiSkGGpBp8bHENBcENTkDT6ppwPzEVxNGZRvgvmOEfbWkFhA7D2GEuE2mmQTr78sl2g==

is-boolean-object@^1.0.0:
  version "1.0.1"
  resolved "https://registry.yarnpkg.com/is-boolean-object/-/is-boolean-object-1.0.1.tgz#10edc0900dd127697a92f6f9807c7617d68ac48e"
  integrity sha512-TqZuVwa/sppcrhUCAYkGBk7w0yxfQQnxq28fjkO53tnK9FQXmdwz2JS5+GjsWQ6RByES1K40nI+yDic5c9/aAQ==

is-callable@^1.1.4, is-callable@^1.1.5:
  version "1.1.5"
  resolved "https://registry.yarnpkg.com/is-callable/-/is-callable-1.1.5.tgz#f7e46b596890456db74e7f6e976cb3273d06faab"
  integrity sha512-ESKv5sMCJB2jnHTWZ3O5itG+O128Hsus4K4Qh1h2/cgn2vbgnLSVqfV46AeJA9D5EeeLa9w81KUXMtn34zhX+Q==

is-date-object@^1.0.1:
  version "1.0.2"
  resolved "https://registry.yarnpkg.com/is-date-object/-/is-date-object-1.0.2.tgz#bda736f2cd8fd06d32844e7743bfa7494c3bfd7e"
  integrity sha512-USlDT524woQ08aoZFzh3/Z6ch9Y/EWXEHQ/AaRN0SkKq4t2Jw2R2339tSXmwuVoY7LLlBCbOIlx2myP/L5zk0g==

is-map@^2.0.1:
  version "2.0.1"
  resolved "https://registry.yarnpkg.com/is-map/-/is-map-2.0.1.tgz#520dafc4307bb8ebc33b813de5ce7c9400d644a1"
  integrity sha512-T/S49scO8plUiAOA2DBTBG3JHpn1yiw0kRp6dgiZ0v2/6twi5eiB0rHtHFH9ZIrvlWc6+4O+m4zg5+Z833aXgw==

is-number-object@^1.0.3:
  version "1.0.4"
  resolved "https://registry.yarnpkg.com/is-number-object/-/is-number-object-1.0.4.tgz#36ac95e741cf18b283fc1ddf5e83da798e3ec197"
  integrity sha512-zohwelOAur+5uXtk8O3GPQ1eAcu4ZX3UwxQhUlfFFMNpUd83gXgjbhJh6HmB6LUNV/ieOLQuDwJO3dWJosUeMw==

is-regex@^1.0.4, is-regex@^1.0.5:
  version "1.0.5"
  resolved "https://registry.yarnpkg.com/is-regex/-/is-regex-1.0.5.tgz#39d589a358bf18967f726967120b8fc1aed74eae"
  integrity sha512-vlKW17SNq44owv5AQR3Cq0bQPEb8+kF3UKZ2fiZNOWtztYE5i0CzCZxFDwO58qAOWtxdBRVO/V5Qin1wjCqFYQ==
  dependencies:
    has "^1.0.3"

is-set@^2.0.1:
  version "2.0.1"
  resolved "https://registry.yarnpkg.com/is-set/-/is-set-2.0.1.tgz#d1604afdab1724986d30091575f54945da7e5f43"
  integrity sha512-eJEzOtVyenDs1TMzSQ3kU3K+E0GUS9sno+F0OBT97xsgcJsF9nXMBtkT9/kut5JEpM7oL7X/0qxR17K3mcwIAA==

is-string@^1.0.4, is-string@^1.0.5:
  version "1.0.5"
  resolved "https://registry.yarnpkg.com/is-string/-/is-string-1.0.5.tgz#40493ed198ef3ff477b8c7f92f644ec82a5cd3a6"
  integrity sha512-buY6VNRjhQMiF1qWDouloZlQbRhDPCebwxSjxMjxgemYT46YMd2NR0/H+fBhEfWX4A/w9TBJ+ol+okqJKFE6vQ==

is-symbol@^1.0.2:
  version "1.0.3"
  resolved "https://registry.yarnpkg.com/is-symbol/-/is-symbol-1.0.3.tgz#38e1014b9e6329be0de9d24a414fd7441ec61937"
  integrity sha512-OwijhaRSgqvhm/0ZdAcXNZt9lYdKFpcRDT5ULUuYXPoT794UNOdU+gpT6Rzo7b4V2HUl/op6GqY894AZwv9faQ==
  dependencies:
    has-symbols "^1.0.1"

is-weakmap@^2.0.1:
  version "2.0.1"
  resolved "https://registry.yarnpkg.com/is-weakmap/-/is-weakmap-2.0.1.tgz#5008b59bdc43b698201d18f62b37b2ca243e8cf2"
  integrity sha512-NSBR4kH5oVj1Uwvv970ruUkCV7O1mzgVFO4/rev2cLRda9Tm9HrL70ZPut4rOHgY0FNrUu9BCbXA2sdQ+x0chA==

is-weakset@^2.0.1:
  version "2.0.1"
  resolved "https://registry.yarnpkg.com/is-weakset/-/is-weakset-2.0.1.tgz#e9a0af88dbd751589f5e50d80f4c98b780884f83"
  integrity sha512-pi4vhbhVHGLxohUw7PhGsueT4vRGFoXhP7+RGN0jKIv9+8PWYCQTqtADngrxOm2g46hoH0+g8uZZBzMrvVGDmw==

isarray@0.0.1:
  version "0.0.1"
  resolved "https://registry.yarnpkg.com/isarray/-/isarray-0.0.1.tgz#8a18acfca9a8f4177e09abfc6038939b05d1eedf"
  integrity sha1-ihis/Kmo9Bd+Cav8YDiTmwXR7t8=

isarray@^2.0.5:
  version "2.0.5"
  resolved "https://registry.yarnpkg.com/isarray/-/isarray-2.0.5.tgz#8af1e4c1221244cc62459faf38940d4e644a5723"
  integrity sha512-xHjhDr3cNBK0BzdUJSPXZntQUx/mwMS5Rw4A7lPJ90XGAO6ISP/ePDNuo0vhqOZU+UD5JoodwCAAoZQd3FeAKw==

isstream@0.1.x:
  version "0.1.2"
  resolved "https://registry.yarnpkg.com/isstream/-/isstream-0.1.2.tgz#47e63f7af55afa6f92e1500e690eb8b8529c099a"
  integrity sha1-R+Y/evVa+m+S4VAOaQ64uFKcCZo=

jade@0.26.3:
  version "0.26.3"
  resolved "https://registry.yarnpkg.com/jade/-/jade-0.26.3.tgz#8f10d7977d8d79f2f6ff862a81b0513ccb25686c"
  integrity sha1-jxDXl32NefL2/4YqgbBRPMslaGw=
  dependencies:
    commander "0.6.1"
    mkdirp "0.3.0"

json-stringify-safe@~5.0.0:
  version "5.0.1"
  resolved "https://registry.yarnpkg.com/json-stringify-safe/-/json-stringify-safe-5.0.1.tgz#1296a2d58fd45f19a0f6ce01d65701e2c735b6eb"
  integrity sha1-Epai1Y/UXxmg9s4B1lcB4sc1tus=

lru-cache@2:
  version "2.7.3"
  resolved "https://registry.yarnpkg.com/lru-cache/-/lru-cache-2.7.3.tgz#6d4524e8b955f95d4f5b58851ce21dd72fb4e952"
  integrity sha1-bUUk6LlV+V1PW1iFHOId1y+06VI=

mime@~1.2.11, mime@~1.2.9:
  version "1.2.11"
  resolved "https://registry.yarnpkg.com/mime/-/mime-1.2.11.tgz#58203eed86e3a5ef17aed2b7d9ebd47f0a60dd10"
  integrity sha1-WCA+7Ybjpe8XrtK32evUfwpg3RA=

minimatch@^3.0.4:
  version "3.0.4"
  resolved "https://registry.yarnpkg.com/minimatch/-/minimatch-3.0.4.tgz#5166e286457f03306064be5497e8dbb0c3d32083"
  integrity sha512-yJHVQEhyqPLUTgt9B83PXu6W3rx4MvvHvSUvToogpwoGDOUQ+yDrR0HRot+yOCdCO7u4hX3pWft6kWBBcqh0UA==
  dependencies:
    brace-expansion "^1.1.7"

minimatch@~0.2.11:
  version "0.2.14"
  resolved "https://registry.yarnpkg.com/minimatch/-/minimatch-0.2.14.tgz#c74e780574f63c6f9a090e90efbe6ef53a6a756a"
  integrity sha1-x054BXT2PG+aCQ6Q775u9TpqdWo=
  dependencies:
    lru-cache "2"
    sigmund "~1.0.0"

minimist@^1.2.5:
  version "1.2.5"
  resolved "https://registry.yarnpkg.com/minimist/-/minimist-1.2.5.tgz#67d66014b66a6a8aaa0c083c5fd58df4e4e97602"
  integrity sha512-FM9nNUYrRBAELZQT3xeZQ7fmMOBg6nWNmJKTcgsJeaLstP/UODVpGsr5OhXhhXg6f+qtJ8uiZ+PUxkDWcgIXLw==

mkdirp@0.3.0:
  version "0.3.0"
  resolved "https://registry.yarnpkg.com/mkdirp/-/mkdirp-0.3.0.tgz#1bbf5ab1ba827af23575143490426455f481fe1e"
  integrity sha1-G79asbqCevI1dRQ0kEJkVfSB/h4=

mkdirp@0.3.5:
  version "0.3.5"
  resolved "https://registry.yarnpkg.com/mkdirp/-/mkdirp-0.3.5.tgz#de3e5f8961c88c787ee1368df849ac4413eca8d7"
  integrity sha1-3j5fiWHIjHh+4TaN+EmsRBPsqNc=

mkdirp@0.x.x:
  version "0.5.4"
  resolved "https://registry.yarnpkg.com/mkdirp/-/mkdirp-0.5.4.tgz#fd01504a6797ec5c9be81ff43d204961ed64a512"
  integrity sha512-iG9AK/dJLtJ0XNgTuDbSyNS3zECqDlAhnQW4CsNxBG3LQJBbHmRX1egw39DmtOdCAqY+dKXV+sgPgilNWUKMVw==
  dependencies:
    minimist "^1.2.5"

mocha@~1.17.0:
  version "1.17.1"
  resolved "https://registry.yarnpkg.com/mocha/-/mocha-1.17.1.tgz#7f7671d68526d074b7bae660c9099f87e0ea1ccb"
  integrity sha1-f3Zx1oUm0HS3uuZgyQmfh+DqHMs=
  dependencies:
    commander "2.0.0"
    debug "*"
    diff "1.0.7"
    glob "3.2.3"
    growl "1.7.x"
    jade "0.26.3"
    mkdirp "0.3.5"

ms@^2.1.1:
  version "2.1.2"
  resolved "https://registry.yarnpkg.com/ms/-/ms-2.1.2.tgz#d09d1f357b443f493382a8eb3ccd183872ae6009"
  integrity sha512-sGkPx+VjMtmA6MX27oA4FBFELFCZZ4S4XqeGOXCv68tT+jb3vk/RyaKWP0PTKyWtmLSM0b+adUTEvbs1PEaH2w==

mute-stream@~0.0.4:
  version "0.0.8"
  resolved "https://registry.yarnpkg.com/mute-stream/-/mute-stream-0.0.8.tgz#1630c42b2251ff81e2a283de96a5497ea92e5e0d"
  integrity sha512-nnbWWOkoWyUsTjKrhgD0dcz22mdkSnpYqbEjIm2nhwhuxlSkpywJmBo8h0ZqJdkp73mb90SssHkN4rsRaBAfAA==

natural@~0.1.25:
  version "0.1.29"
  resolved "https://registry.yarnpkg.com/natural/-/natural-0.1.29.tgz#59a37a6cd86d55e904b656d3b9da43fd2dc9e04a"
  integrity sha1-WaN6bNhtVekEtlbTudpD/S3J4Eo=
  dependencies:
    apparatus ">= 0.0.6"
    sylvester ">= 0.0.12"
    underscore ">=1.3.1"

ncp@0.4.x:
  version "0.4.2"
  resolved "https://registry.yarnpkg.com/ncp/-/ncp-0.4.2.tgz#abcc6cbd3ec2ed2a729ff6e7c1fa8f01784a8574"
  integrity sha1-q8xsvT7C7Spyn/bnwfqPAXhKhXQ=

node-uuid@~1.4.0:
  version "1.4.8"
  resolved "https://registry.yarnpkg.com/node-uuid/-/node-uuid-1.4.8.tgz#b040eb0923968afabf8d32fb1f17f1167fdab907"
  integrity sha1-sEDrCSOWivq/jTL7HxfxFn/auQc=

oauth-sign@~0.3.0:
  version "0.3.0"
  resolved "https://registry.yarnpkg.com/oauth-sign/-/oauth-sign-0.3.0.tgz#cb540f93bb2b22a7d5941691a288d60e8ea9386e"
  integrity sha1-y1QPk7srIqfVlBaRoojWDo6pOG4=

object-inspect@^1.7.0:
  version "1.7.0"
  resolved "https://registry.yarnpkg.com/object-inspect/-/object-inspect-1.7.0.tgz#f4f6bd181ad77f006b5ece60bd0b6f398ff74a67"
  integrity sha512-a7pEHdh1xKIAgTySUGgLMx/xwDZskN1Ud6egYYN3EdRW4ZMPNEDUTF+hwy2LUC+Bl+SyLXANnwz/jyh/qutKUw==

object-is@^1.0.1:
  version "1.0.2"
  resolved "https://registry.yarnpkg.com/object-is/-/object-is-1.0.2.tgz#6b80eb84fe451498f65007982f035a5b445edec4"
  integrity sha512-Epah+btZd5wrrfjkJZq1AOB9O6OxUQto45hzFd7lXGrpHPGE0W1k+426yrZV+k6NJOzLNNW/nVsmZdIWsAqoOQ==

object-keys@^1.0.11, object-keys@^1.0.12, object-keys@^1.1.1:
  version "1.1.1"
  resolved "https://registry.yarnpkg.com/object-keys/-/object-keys-1.1.1.tgz#1c47f272df277f3b1daf061677d9c82e2322c60e"
  integrity sha512-NuAESUOUMrlIXOfHKzD6bpPu3tYt3xvjNdRIQ+FeT0lNb4K8WR70CaDxhuNguS2XG+GjkyMwOzsN5ZktImfhLA==

object.assign@^4.1.0:
  version "4.1.0"
  resolved "https://registry.yarnpkg.com/object.assign/-/object.assign-4.1.0.tgz#968bf1100d7956bb3ca086f006f846b3bc4008da"
  integrity sha512-exHJeq6kBKj58mqGyTQ9DFvrZC/eR6OwxzoM9YRoGBqrXYonaFyGiFMuc9VZrXf7DarreEwMpurG3dd+CNyW5w==
  dependencies:
    define-properties "^1.1.2"
    function-bind "^1.1.1"
    has-symbols "^1.0.0"
    object-keys "^1.0.11"

once@^1.3.0:
  version "1.4.0"
  resolved "https://registry.yarnpkg.com/once/-/once-1.4.0.tgz#583b1aa775961d4b113ac17d9c50baef9dd76bd1"
  integrity sha1-WDsap3WWHUsROsF9nFC6753Xa9E=
  dependencies:
    wrappy "1"

path-is-absolute@^1.0.0:
  version "1.0.1"
  resolved "https://registry.yarnpkg.com/path-is-absolute/-/path-is-absolute-1.0.1.tgz#174b9268735534ffbc7ace6bf53a5a9e1b5c5f5f"
  integrity sha1-F0uSaHNVNP+8es5r9TpanhtcX18=

pkginfo@0.3.x:
  version "0.3.1"
  resolved "https://registry.yarnpkg.com/pkginfo/-/pkginfo-0.3.1.tgz#5b29f6a81f70717142e09e765bbeab97b4f81e21"
  integrity sha1-Wyn2qB9wcXFC4J52W76rl7T4HiE=

pkginfo@0.x.x:
  version "0.4.1"
  resolved "https://registry.yarnpkg.com/pkginfo/-/pkginfo-0.4.1.tgz#b5418ef0439de5425fc4995042dced14fb2a84ff"
  integrity sha1-tUGO8EOd5UJfxJlQQtztFPsqhP8=

"plist@git://github.com/catesandrew/node-plist.git":
  version "0.4.3"
  resolved "git://github.com/catesandrew/node-plist.git#fb3008b704e597aeeb6bccf67f8c38f182e417e1"
  dependencies:
    xmlbuilder "0.4.x"
    xmldom "0.1.x"

pluralize@0.0.6:
  version "0.0.6"
  resolved "https://registry.yarnpkg.com/pluralize/-/pluralize-0.0.6.tgz#4315a1f4f883b2b10752ae95628df256f8fd0874"
  integrity sha1-QxWh9PiDsrEHUq6VYo3yVvj9CHQ=

progress@~1.1.3:
  version "1.1.8"
  resolved "https://registry.yarnpkg.com/progress/-/progress-1.1.8.tgz#e260c78f6161cdd9b0e56cc3e0a85de17c7a57be"
  integrity sha1-4mDHj2Fhzdmw5WzD4Khd4Xx6V74=

prompt@~0.2.12:
  version "0.2.14"
  resolved "https://registry.yarnpkg.com/prompt/-/prompt-0.2.14.tgz#57754f64f543fd7b0845707c818ece618f05ffdc"
  integrity sha1-V3VPZPVD/XsIRXB8gY7OYY8F/9w=
  dependencies:
    pkginfo "0.x.x"
    read "1.0.x"
    revalidator "0.1.x"
    utile "0.2.x"
    winston "0.8.x"

punycode@>=0.2.0:
  version "2.1.1"
  resolved "https://registry.yarnpkg.com/punycode/-/punycode-2.1.1.tgz#b58b010ac40c22c5657616c8d2c2c02c7bf479ec"
  integrity sha512-XRsRjdf+j5ml+y/6GKHPZbrF/8p2Yga0JPtdqTIY2Xe5ohJPD9saDJJLPvp9+NSBprVvevdXZybnj2cv8OEd0A==

qs@~0.6.0:
  version "0.6.6"
  resolved "https://registry.yarnpkg.com/qs/-/qs-0.6.6.tgz#6e015098ff51968b8a3c819001d5f2c89bc4b107"
  integrity sha1-bgFQmP9RlouKPIGQAdXyyJvEsQc=

read@1.0.x:
  version "1.0.7"
  resolved "https://registry.yarnpkg.com/read/-/read-1.0.7.tgz#b3da19bd052431a97671d44a42634adf710b40c4"
  integrity sha1-s9oZvQUkMal2cdRKQmNK33ELQMQ=
  dependencies:
    mute-stream "~0.0.4"

readable-stream@1.1:
  version "1.1.13"
  resolved "https://registry.yarnpkg.com/readable-stream/-/readable-stream-1.1.13.tgz#f6eef764f514c89e2b9e23146a75ba106756d23e"
  integrity sha1-9u73ZPUUyJ4rniMUanW6EGdW0j4=
  dependencies:
    core-util-is "~1.0.0"
    inherits "~2.0.1"
    isarray "0.0.1"
    string_decoder "~0.10.x"

recipe-parser@^0.1.1:
  version "0.1.1"
  resolved "https://registry.yarnpkg.com/recipe-parser/-/recipe-parser-0.1.1.tgz#ab7c939e2ab6e771440228d5f0b138e81b829d2f"
  integrity sha1-q3yTniq253FEAijV8LE46BuCnS8=
  dependencies:
    async "~0.2.9"
    backbone "~1.1.0"
    chai "~1.8.1"
    change-case "~1.0.4"
    cheerio "~0.13.1"
    colors "~0.6.2"
    commander "~2.1.0"
    mocha "~1.17.0"
    natural "~0.1.25"
    plist "git://github.com/catesandrew/node-plist.git"
    pluralize "0.0.6"
    progress "~1.1.3"
    prompt "~0.2.12"
    request "~2.31.0"
    underscore "~1.5.2"
    underscore.string "~2.3.3"

regexp.prototype.flags@^1.2.0:
  version "1.3.0"
  resolved "https://registry.yarnpkg.com/regexp.prototype.flags/-/regexp.prototype.flags-1.3.0.tgz#7aba89b3c13a64509dabcf3ca8d9fbb9bdf5cb75"
  integrity sha512-2+Q0C5g951OlYlJz6yu5/M33IcsESLlLfsyIaLJaG4FA2r4yP8MvVMJUUP/fVBkSpbbbZlS5gynbEWLipiiXiQ==
  dependencies:
    define-properties "^1.1.3"
    es-abstract "^1.17.0-next.1"

request@~2.31.0:
  version "2.31.0"
  resolved "https://registry.yarnpkg.com/request/-/request-2.31.0.tgz#4c8ac967c9a4b9410cb4ba1a61fdb644267eeeff"
  integrity sha1-TIrJZ8mkuUEMtLoaYf22RCZ+7v8=
  dependencies:
    forever-agent "~0.5.0"
    json-stringify-safe "~5.0.0"
    mime "~1.2.9"
    node-uuid "~1.4.0"
    qs "~0.6.0"
  optionalDependencies:
    aws-sign2 "~0.5.0"
    form-data "~0.1.0"
    hawk "~1.0.0"
    http-signature "~0.10.0"
    oauth-sign "~0.3.0"
    tough-cookie "~0.9.15"
    tunnel-agent "~0.3.0"

revalidator@0.1.x:
  version "0.1.8"
  resolved "https://registry.yarnpkg.com/revalidator/-/revalidator-0.1.8.tgz#fece61bfa0c1b52a206bd6b18198184bdd523a3b"
  integrity sha1-/s5hv6DBtSoga9axgZgYS91SOjs=

rimraf@2.x.x:
  version "2.7.1"
  resolved "https://registry.yarnpkg.com/rimraf/-/rimraf-2.7.1.tgz#35797f13a7fdadc566142c29d4f07ccad483e3ec"
  integrity sha512-uWjbaKIK3T1OSVptzX7Nl6PvQ3qAGtKEtVRjRuazjfL3Bx5eI409VZSqgND+4UNnmzLVdPj9FqFJNPqBZFve4w==
  dependencies:
    glob "^7.1.3"

side-channel@^1.0.1:
  version "1.0.2"
  resolved "https://registry.yarnpkg.com/side-channel/-/side-channel-1.0.2.tgz#df5d1abadb4e4bf4af1cd8852bf132d2f7876947"
  integrity sha512-7rL9YlPHg7Ancea1S96Pa8/QWb4BtXL/TZvS6B8XFetGBeuhAsfmUspK6DokBeZ64+Kj9TCNRD/30pVz1BvQNA==
  dependencies:
    es-abstract "^1.17.0-next.1"
    object-inspect "^1.7.0"

sigmund@~1.0.0:
  version "1.0.1"
  resolved "https://registry.yarnpkg.com/sigmund/-/sigmund-1.0.1.tgz#3ff21f198cad2175f9f3b781853fd94d0d19b590"
  integrity sha1-P/IfGYytIXX587eBhT/ZTQ0ZtZA=

sntp@0.2.x:
  version "0.2.4"
  resolved "https://registry.yarnpkg.com/sntp/-/sntp-0.2.4.tgz#fb885f18b0f3aad189f824862536bceeec750900"
  integrity sha1-+4hfGLDzqtGJ+CSGJTa87ux1CQA=
  dependencies:
    hoek "0.9.x"

stack-trace@0.0.x:
  version "0.0.10"
  resolved "https://registry.yarnpkg.com/stack-trace/-/stack-trace-0.0.10.tgz#547c70b347e8d32b4e108ea1a2a159e5fdde19c0"
  integrity sha1-VHxws0fo0ytOEI6hoqFZ5f3eGcA=

string.prototype.trimleft@^2.1.1:
  version "2.1.1"
  resolved "https://registry.yarnpkg.com/string.prototype.trimleft/-/string.prototype.trimleft-2.1.1.tgz#9bdb8ac6abd6d602b17a4ed321870d2f8dcefc74"
  integrity sha512-iu2AGd3PuP5Rp7x2kEZCrB2Nf41ehzh+goo8TV7z8/XDBbsvc6HQIlUl9RjkZ4oyrW1XM5UwlGl1oVEaDjg6Ag==
  dependencies:
    define-properties "^1.1.3"
    function-bind "^1.1.1"

string.prototype.trimright@^2.1.1:
  version "2.1.1"
  resolved "https://registry.yarnpkg.com/string.prototype.trimright/-/string.prototype.trimright-2.1.1.tgz#440314b15996c866ce8a0341894d45186200c5d9"
  integrity sha512-qFvWL3/+QIgZXVmJBfpHmxLB7xsUXz6HsUmP8+5dRaC3Q7oKUv9Vo6aMCRZC1smrtyECFsIT30PqBJ1gTjAs+g==
  dependencies:
    define-properties "^1.1.3"
    function-bind "^1.1.1"

string_decoder@~0.10.x:
  version "0.10.31"
  resolved "https://registry.yarnpkg.com/string_decoder/-/string_decoder-0.10.31.tgz#62e203bc41766c6c28c9fc84301dab1c5310fa94"
  integrity sha1-YuIDvEF2bGwoyfyEMB2rHFMQ+pQ=

"sylvester@>= 0.0.12", "sylvester@>= 0.0.8":
  version "0.0.21"
  resolved "https://registry.yarnpkg.com/sylvester/-/sylvester-0.0.21.tgz#2987b1ce2bd2f38b0dce2a34388884bfa4400ea7"
  integrity sha1-KYexzivS84sNzio0OIiEv6RADqc=

tough-cookie@~0.9.15:
  version "0.9.15"
  resolved "https://registry.yarnpkg.com/tough-cookie/-/tough-cookie-0.9.15.tgz#75617ac347e3659052b0350131885829677399f6"
  integrity sha1-dWF6w0fjZZBSsDUBMYhYKWdzmfY=
  dependencies:
    punycode ">=0.2.0"

tunnel-agent@~0.3.0:
  version "0.3.0"
  resolved "https://registry.yarnpkg.com/tunnel-agent/-/tunnel-agent-0.3.0.tgz#ad681b68f5321ad2827c4cfb1b7d5df2cfe942ee"
  integrity sha1-rWgbaPUyGtKCfEz7G31d8s/pQu4=

type-detect@0.1.1:
  version "0.1.1"
  resolved "https://registry.yarnpkg.com/type-detect/-/type-detect-0.1.1.tgz#0ba5ec2a885640e470ea4e8505971900dac58822"
  integrity sha1-C6XsKohWQORw6k6FBZcZANrFiCI=

underscore.string@~2.3.3:
  version "2.3.3"
  resolved "https://registry.yarnpkg.com/underscore.string/-/underscore.string-2.3.3.tgz#71c08bf6b428b1133f37e78fa3a21c82f7329b0d"
  integrity sha1-ccCL9rQosRM/N+ePo6Icgvcymw0=

underscore@>=1.3.1, underscore@>=1.5.0:
  version "1.9.2"
  resolved "https://registry.yarnpkg.com/underscore/-/underscore-1.9.2.tgz#0c8d6f536d6f378a5af264a72f7bec50feb7cf2f"
  integrity sha512-D39qtimx0c1fI3ya1Lnhk3E9nONswSKhnffBI0gME9C99fYOkNi04xs8K6pePLhvl1frbDemkaBQ5ikWllR2HQ==

underscore@~1.5, underscore@~1.5.2:
  version "1.5.2"
  resolved "https://registry.yarnpkg.com/underscore/-/underscore-1.5.2.tgz#1335c5e4f5e6d33bbb4b006ba8c86a00f556de08"
  integrity sha1-EzXF5PXm0zu7SwBrqMhqAPVW3gg=

utile@0.2.x:
  version "0.2.1"
  resolved "https://registry.yarnpkg.com/utile/-/utile-0.2.1.tgz#930c88e99098d6220834c356cbd9a770522d90d7"
  integrity sha1-kwyI6ZCY1iIINMNWy9mncFItkNc=
  dependencies:
    async "~0.2.9"
    deep-equal "*"
    i "0.3.x"
    mkdirp "0.x.x"
    ncp "0.4.x"
    rimraf "2.x.x"

which-boxed-primitive@^1.0.1:
  version "1.0.1"
  resolved "https://registry.yarnpkg.com/which-boxed-primitive/-/which-boxed-primitive-1.0.1.tgz#cbe8f838ebe91ba2471bb69e9edbda67ab5a5ec1"
  integrity sha512-7BT4TwISdDGBgaemWU0N0OU7FeAEJ9Oo2P1PHRm/FCWoEi2VLWC9b6xvxAA3C/NMpxg3HXVgi0sMmGbNUbNepQ==
  dependencies:
    is-bigint "^1.0.0"
    is-boolean-object "^1.0.0"
    is-number-object "^1.0.3"
    is-string "^1.0.4"
    is-symbol "^1.0.2"

which-collection@^1.0.0:
  version "1.0.1"
  resolved "https://registry.yarnpkg.com/which-collection/-/which-collection-1.0.1.tgz#70eab71ebbbd2aefaf32f917082fc62cdcb70906"
  integrity sha512-W8xeTUwaln8i3K/cY1nGXzdnVZlidBcagyNFtBdD5kxnb4TvGKR7FfSIS3mYpwWS1QUCutfKz8IY8RjftB0+1A==
  dependencies:
    is-map "^2.0.1"
    is-set "^2.0.1"
    is-weakmap "^2.0.1"
    is-weakset "^2.0.1"

winston@0.8.x:
  version "0.8.3"
  resolved "https://registry.yarnpkg.com/winston/-/winston-0.8.3.tgz#64b6abf4cd01adcaefd5009393b1d8e8bec19db0"
  integrity sha1-ZLar9M0Brcrv1QCTk7HY6L7BnbA=
  dependencies:
    async "0.2.x"
    colors "0.6.x"
    cycle "1.0.x"
    eyes "0.1.x"
    isstream "0.1.x"
    pkginfo "0.3.x"
    stack-trace "0.0.x"

wrappy@1:
  version "1.0.2"
  resolved "https://registry.yarnpkg.com/wrappy/-/wrappy-1.0.2.tgz#b5243d8f3ec1aa35f1364605bc0d1036e30ab69f"
  integrity sha1-tSQ9jz7BqjXxNkYFvA0QNuMKtp8=

xmlbuilder@0.4.x:
  version "0.4.3"
  resolved "https://registry.yarnpkg.com/xmlbuilder/-/xmlbuilder-0.4.3.tgz#c4614ba74e0ad196e609c9272cd9e1ddb28a8a58"
  integrity sha1-xGFLp04K0ZbmCcknLNnh3bKKilg=

xmldom@0.1.x:
  version "0.1.31"
  resolved "https://registry.yarnpkg.com/xmldom/-/xmldom-0.1.31.tgz#b76c9a1bd9f0a9737e5a72dc37231cf38375e2ff"
  integrity sha512-yS2uJflVQs6n+CyjHoaBmVSqIDevTAWrzMmjG1Gc7h1qQ7uVozNhEPJAwZXWyGQ/Gafo3fCwrcaokezLPupVyQ==
